
Microsoft Visual Studio Solution File, Format Version 12.00
# Visual Studio Version 17
VisualStudioVersion = 17.7.34024.191
MinimumVisualStudioVersion = 10.0.40219.1
Project("{FAE04EC0-301F-11D3-BF4B-00C04F79EFBC}") = "InheritanceLearning", "InheritanceLearning\InheritanceLearning.csproj", "{76FD9A2D-8CDB-473D-95EA-B0B8CE1A08D9}"
EndProject
Global
	GlobalSection(SolutionConfigurationPlatforms) = preSolution
		Debug|Any CPU = Debug|Any CPU
		Release|Any CPU = Release|Any CPU
	EndGlobalSection
	GlobalSection(ProjectConfigurationPlatforms) = postSolution
		{76FD9A2D-8CDB-473D-95EA-B0B8CE1A08D9}.Debug|Any CPU.ActiveCfg = Debug|Any CPU
		{76FD9A2D-8CDB-473D-95EA-B0B8CE1A08D9}.Debug|Any CPU.Build.0 = Debug|Any CPU
		{76FD9A2D-8CDB-473D-95EA-B0B8CE1A08D9}.Release|Any CPU.ActiveCfg = Release|Any CPU
		{76FD9A2D-8CDB-473D-95EA-B0B8CE1A08D9}.Release|Any CPU.Build.0 = Release|Any CPU
	EndGlobalSection
	GlobalSection(SolutionProperties) = preSolution
		HideSolutionNode = FALSE
	EndGlobalSection
	GlobalSection(ExtensibilityGlobals) = postSolution
		SolutionGuid = {70D8882E-2BD6-4645-8920-61EB26EFEDCA}
	EndGlobalSection
EndGlobal
