
Microsoft Visual Studio Solution File, Format Version 12.00
# Visual Studio Version 17
VisualStudioVersion = 17.7.34024.191
MinimumVisualStudioVersion = 10.0.40219.1
Project("{FAE04EC0-301F-11D3-BF4B-00C04F79EFBC}") = "Inheritance Challenge 2", "Inheritance Challenge 2\Inheritance Challenge 2.csproj", "{D293B94F-CA21-4FFD-9313-0AE4971AC88B}"
EndProject
Global
	GlobalSection(SolutionConfigurationPlatforms) = preSolution
		Debug|Any CPU = Debug|Any CPU
		Release|Any CPU = Release|Any CPU
	EndGlobalSection
	GlobalSection(ProjectConfigurationPlatforms) = postSolution
		{D293B94F-CA21-4FFD-9313-0AE4971AC88B}.Debug|Any CPU.ActiveCfg = Debug|Any CPU
		{D293B94F-CA21-4FFD-9313-0AE4971AC88B}.Debug|Any CPU.Build.0 = Debug|Any CPU
		{D293B94F-CA21-4FFD-9313-0AE4971AC88B}.Release|Any CPU.ActiveCfg = Release|Any CPU
		{D293B94F-CA21-4FFD-9313-0AE4971AC88B}.Release|Any CPU.Build.0 = Release|Any CPU
	EndGlobalSection
	GlobalSection(SolutionProperties) = preSolution
		HideSolutionNode = FALSE
	EndGlobalSection
	GlobalSection(ExtensibilityGlobals) = postSolution
		SolutionGuid = {9AA664A0-56C9-4629-AD94-64F9ACC22A06}
	EndGlobalSection
EndGlobal
