
Microsoft Visual Studio Solution File, Format Version 12.00
# Visual Studio Version 17
VisualStudioVersion = 17.7.34024.191
MinimumVisualStudioVersion = 10.0.40219.1
Project("{FAE04EC0-301F-11D3-BF4B-00C04F79EFBC}") = "Interfaces_2", "Interfaces_2\Interfaces_2.csproj", "{4FC04EA3-865C-4A90-9061-0838BC297268}"
EndProject
Global
	GlobalSection(SolutionConfigurationPlatforms) = preSolution
		Debug|Any CPU = Debug|Any CPU
		Release|Any CPU = Release|Any CPU
	EndGlobalSection
	GlobalSection(ProjectConfigurationPlatforms) = postSolution
		{4FC04EA3-865C-4A90-9061-0838BC297268}.Debug|Any CPU.ActiveCfg = Debug|Any CPU
		{4FC04EA3-865C-4A90-9061-0838BC297268}.Debug|Any CPU.Build.0 = Debug|Any CPU
		{4FC04EA3-865C-4A90-9061-0838BC297268}.Release|Any CPU.ActiveCfg = Release|Any CPU
		{4FC04EA3-865C-4A90-9061-0838BC297268}.Release|Any CPU.Build.0 = Release|Any CPU
	EndGlobalSection
	GlobalSection(SolutionProperties) = preSolution
		HideSolutionNode = FALSE
	EndGlobalSection
	GlobalSection(ExtensibilityGlobals) = postSolution
		SolutionGuid = {E2D56E3F-EC37-4ACF-A6F8-F1880F97C420}
	EndGlobalSection
EndGlobal
