
Microsoft Visual Studio Solution File, Format Version 12.00
# Visual Studio Version 17
VisualStudioVersion = 17.7.34024.191
MinimumVisualStudioVersion = 10.0.40219.1
Project("{FAE04EC0-301F-11D3-BF4B-00C04F79EFBC}") = "VirtualOverrideDemo", "VirtualOverrideDemo\VirtualOverrideDemo.csproj", "{86951D56-1F95-41AF-B546-F93490BE90B2}"
EndProject
Global
	GlobalSection(SolutionConfigurationPlatforms) = preSolution
		Debug|Any CPU = Debug|Any CPU
		Release|Any CPU = Release|Any CPU
	EndGlobalSection
	GlobalSection(ProjectConfigurationPlatforms) = postSolution
		{86951D56-1F95-41AF-B546-F93490BE90B2}.Debug|Any CPU.ActiveCfg = Debug|Any CPU
		{86951D56-1F95-41AF-B546-F93490BE90B2}.Debug|Any CPU.Build.0 = Debug|Any CPU
		{86951D56-1F95-41AF-B546-F93490BE90B2}.Release|Any CPU.ActiveCfg = Release|Any CPU
		{86951D56-1F95-41AF-B546-F93490BE90B2}.Release|Any CPU.Build.0 = Release|Any CPU
	EndGlobalSection
	GlobalSection(SolutionProperties) = preSolution
		HideSolutionNode = FALSE
	EndGlobalSection
	GlobalSection(ExtensibilityGlobals) = postSolution
		SolutionGuid = {21BAA7FE-C64E-4F1E-898B-0964CE9EC84F}
	EndGlobalSection
EndGlobal
