
Microsoft Visual Studio Solution File, Format Version 12.00
# Visual Studio Version 17
VisualStudioVersion = 17.4.33205.214
MinimumVisualStudioVersion = 10.0.40219.1
Project("{9A19103F-16F7-4668-BE54-9A1E7A4F7556}") = "HelloWorld", "HelloWorld\HelloWorld.csproj", "{A3A1E88F-12F9-4B99-9B2E-6624E59369FB}"
EndProject
Global
	GlobalSection(SolutionConfigurationPlatforms) = preSolution
		Debug|Any CPU = Debug|Any CPU
		Release|Any CPU = Release|Any CPU
	EndGlobalSection
	GlobalSection(ProjectConfigurationPlatforms) = postSolution
		{A3A1E88F-12F9-4B99-9B2E-6624E59369FB}.Debug|Any CPU.ActiveCfg = Debug|Any CPU
		{A3A1E88F-12F9-4B99-9B2E-6624E59369FB}.Debug|Any CPU.Build.0 = Debug|Any CPU
		{A3A1E88F-12F9-4B99-9B2E-6624E59369FB}.Release|Any CPU.ActiveCfg = Release|Any CPU
		{A3A1E88F-12F9-4B99-9B2E-6624E59369FB}.Release|Any CPU.Build.0 = Release|Any CPU
	EndGlobalSection
	GlobalSection(SolutionProperties) = preSolution
		HideSolutionNode = FALSE
	EndGlobalSection
	GlobalSection(ExtensibilityGlobals) = postSolution
		SolutionGuid = {F915FAE5-3A69-4799-9E7C-16AA9935DC6C}
	EndGlobalSection
EndGlobal
